Microsoft Visual Studio Solution File, Format Version 12.00
# Visual Studio Version 17
VisualStudioVersion = 17.5.2.0
MinimumVisualStudioVersion = 10.0.40219.1
Project("{2150E333-8FDC-42A3-9474-1A3956D46DE8}") = "Finished", "Finished", "{B8031A34-B0AE-8DE2-16B1-DD24E562D97B}"
EndProject
Project("{2150E333-8FDC-42A3-9474-1A3956D46DE8}") = "Start", "Start", "{0DDFEE7A-7BCD-3041-7B42-1A6119DEFF0B}"
EndProject
Project("{2150E333-8FDC-42A3-9474-1A3956D46DE8}") = "Files", "Files", "{485FDD86-58C8-626B-D564-1777BBCD1912}"
EndProject
Project("{FAE04EC0-301F-11D3-BF4B-00C04F79EFBC}") = "Challenge", "Finished\Files\Challenge\Challenge.csproj", "{82C75AD0-8E9F-22C2-3F3B-15C74945EF76}"
EndProject
Project("{FAE04EC0-301F-11D3-BF4B-00C04F79EFBC}") = "CreateFiles", "Finished\Files\CreateFiles\CreateFiles.csproj", "{12C71FD1-A18B-8996-945E-17BFA6004C3F}"
EndProject
Project("{FAE04EC0-301F-11D3-BF4B-00C04F79EFBC}") = "Directories", "Finished\Files\Directories\Directories.csproj", "{C0CCD0B9-9D16-6056-21E0-65363E9CE986}"
EndProject
Project("{FAE04EC0-301F-11D3-BF4B-00C04F79EFBC}") = "FileInfo", "Finished\Files\FileInfo\FileInfo.csproj", "{41EEEEEA-B9B9-2691-42CC-4C0D524F283F}"
EndProject
Project("{FAE04EC0-301F-11D3-BF4B-00C04F79EFBC}") = "ReadWriteFiles", "Finished\Files\ReadWriteFiles\ReadWriteFiles.csproj", "{2F895645-5E8E-8D0B-1BE1-080673FF6E93}"
EndProject
Project("{2150E333-8FDC-42A3-9474-1A3956D46DE8}") = "NumbersDates", "NumbersDates", "{93703E04-42A0-9B8C-C395-01AC6977BC56}"
EndProject
Project("{FAE04EC0-301F-11D3-BF4B-00C04F79EFBC}") = "Challenge", "Finished\NumbersDates\Challenge\Challenge.csproj", "{3D4E789B-3EB9-BA45-1A51-2525CE1E8B1E}"
EndProject
Project("{FAE04EC0-301F-11D3-BF4B-00C04F79EFBC}") = "DateTimeClass", "Finished\NumbersDates\DateTimeClass\DateTimeClass.csproj", "{E56139D0-F500-9366-15DE-63F91D9FCC50}"
EndProject
Project("{FAE04EC0-301F-11D3-BF4B-00C04F79EFBC}") = "FormatDates", "Finished\NumbersDates\FormatDates\FormatDates.csproj", "{0B360EE9-8D23-FC95-7108-8A4ECFD900C6}"
EndProject
Project("{FAE04EC0-301F-11D3-BF4B-00C04F79EFBC}") = "FormatNumbers", "Finished\NumbersDates\FormatNumbers\FormatNumbers.csproj", "{F0E63894-1E50-2394-631E-D878AC381788}"
EndProject
Project("{FAE04EC0-301F-11D3-BF4B-00C04F79EFBC}") = "ParseDates", "Finished\NumbersDates\ParseDates\ParseDates.csproj", "{8C6D547D-E13A-BD60-8075-571AD5A4B2A2}"
EndProject
Project("{FAE04EC0-301F-11D3-BF4B-00C04F79EFBC}") = "ParseNumbers", "Finished\NumbersDates\ParseNumbers\ParseNumbers.csproj", "{BCADF067-6882-8563-27DE-A805EEFCF7EF}"
EndProject
Project("{2150E333-8FDC-42A3-9474-1A3956D46DE8}") = "Overview", "Overview", "{74B04D3F-27BD-C251-1C92-4C095C6E30DC}"
EndProject
Project("{FAE04EC0-301F-11D3-BF4B-00C04F79EFBC}") = "DataTypes", "Finished\Overview\DataTypes\DataTypes.csproj", "{0FC4F48D-24D7-7256-E8FA-0AD861F35B6D}"
EndProject
Project("{FAE04EC0-301F-11D3-BF4B-00C04F79EFBC}") = "GarbageCollect", "Finished\Overview\GarbageCollect\GarbageCollect.csproj", "{385A1EE5-C487-9177-7B3A-7A1494C0924D}"
EndProject
Project("{FAE04EC0-301F-11D3-BF4B-00C04F79EFBC}") = "MyConsoleApp", "Finished\Overview\MyConsoleApp\MyConsoleApp.csproj", "{4BCB92C6-75DE-9644-352D-44274A75EC11}"
EndProject
Project("{2150E333-8FDC-42A3-9474-1A3956D46DE8}") = "Regex", "Regex", "{3EA4CA3A-B96C-0EB0-BC5D-975557DA85A0}"
EndProject
Project("{FAE04EC0-301F-11D3-BF4B-00C04F79EFBC}") = "Challenge", "Finished\Regex\Challenge\Challenge.csproj", "{93088A40-BAB2-C134-EE5A-FA35E65C9664}"
EndProject
Project("{FAE04EC0-301F-11D3-BF4B-00C04F79EFBC}") = "Finding", "Finished\Regex\Finding\Finding.csproj", "{A48C47B6-076F-334B-D518-5A9164176434}"
EndProject
Project("{FAE04EC0-301F-11D3-BF4B-00C04F79EFBC}") = "Replacing", "Finished\Regex\Replacing\Replacing.csproj", "{533E2C32-2C80-7349-9A0E-190D85691E5F}"
EndProject
Project("{FAE04EC0-301F-11D3-BF4B-00C04F79EFBC}") = "RegexTimeouts", "Finished\Regex\Timeouts\RegexTimeouts.csproj", "{905B498B-65A0-FF94-F32A-A0248BEF8B5E}"
EndProject
Project("{2150E333-8FDC-42A3-9474-1A3956D46DE8}") = "Strings", "Strings", "{2900E32E-50B6-EB50-67F4-4BA35538B39F}"
EndProject
Project("{FAE04EC0-301F-11D3-BF4B-00C04F79EFBC}") = "Formatting", "Finished\Strings\Formatting\Formatting.csproj", "{C8E67FA0-CFBA-4FF9-910C-8BBC1CBF905E}"
EndProject
Project("{FAE04EC0-301F-11D3-BF4B-00C04F79EFBC}") = "Interpolation", "Finished\Strings\Interpolation\Interpolation.csproj", "{EE3C4FF0-82BE-1F41-2C6F-2DA35958F010}"
EndProject
Project("{FAE04EC0-301F-11D3-BF4B-00C04F79EFBC}") = "Manipulation", "Finished\Strings\Manipulation\Manipulation.csproj", "{1984CF91-8495-C48F-0547-1E41FB6E58F3}"
EndProject
Project("{FAE04EC0-301F-11D3-BF4B-00C04F79EFBC}") = "Searching", "Finished\Strings\Searching\Searching.csproj", "{F17D9DF5-0201-DAAB-FCBE-5BBF8502CB5B}"
EndProject
Project("{2150E333-8FDC-42A3-9474-1A3956D46DE8}") = "Files", "Files", "{BE326F1B-93AC-3FF8-F3D9-8CBFCA799BB0}"
EndProject
Project("{FAE04EC0-301F-11D3-BF4B-00C04F79EFBC}") = "CreateFiles", "Start\Files\CreateFiles\CreateFiles.csproj", "{FCDBB75F-F1EC-1087-2938-091BB824D960}"
EndProject
Project("{FAE04EC0-301F-11D3-BF4B-00C04F79EFBC}") = "Directories", "Start\Files\Directories\Directories.csproj", "{8E3252E3-23CA-2044-5A95-DC2566D5C35B}"
EndProject
Project("{FAE04EC0-301F-11D3-BF4B-00C04F79EFBC}") = "FileInfo", "Start\Files\FileInfo\FileInfo.csproj", "{5A999ACE-C7DA-3D99-E371-FB0F1D6E8F70}"
EndProject
Project("{FAE04EC0-301F-11D3-BF4B-00C04F79EFBC}") = "ReadWriteFiles", "Start\Files\ReadWriteFiles\ReadWriteFiles.csproj", "{E94C3752-427A-D727-6C9C-623550FBEF6E}"
EndProject
Project("{2150E333-8FDC-42A3-9474-1A3956D46DE8}") = "NumbersDates", "NumbersDates", "{801D78D6-E392-2C4C-5988-6EF2DBC80335}"
EndProject
Project("{FAE04EC0-301F-11D3-BF4B-00C04F79EFBC}") = "DateTimeClass", "Start\NumbersDates\DateTimeClass\DateTimeClass.csproj", "{9EE7C28C-3799-95FD-DBC7-6BC65E079144}"
EndProject
Project("{FAE04EC0-301F-11D3-BF4B-00C04F79EFBC}") = "FormatDates", "Start\NumbersDates\FormatDates\FormatDates.csproj", "{AF93BC1F-5DFF-3165-6509-49CCBB4B6771}"
EndProject
Project("{FAE04EC0-301F-11D3-BF4B-00C04F79EFBC}") = "FormatNumbers", "Start\NumbersDates\FormatNumbers\FormatNumbers.csproj", "{C9DF1462-108F-F1A5-A02E-D29FBDA4DB23}"
EndProject
Project("{FAE04EC0-301F-11D3-BF4B-00C04F79EFBC}") = "ParseDates", "Start\NumbersDates\ParseDates\ParseDates.csproj", "{F4F26133-6379-374A-E4BC-1C8A91E11BB0}"
EndProject
Project("{FAE04EC0-301F-11D3-BF4B-00C04F79EFBC}") = "ParseNumbers", "Start\NumbersDates\ParseNumbers\ParseNumbers.csproj", "{46CDB435-38AB-F82E-C5B3-61D9C5EAB56F}"
EndProject
Project("{2150E333-8FDC-42A3-9474-1A3956D46DE8}") = "Overview", "Overview", "{BA45FF27-446C-0A3A-3AE8-485EA8E02CF7}"
EndProject
Project("{FAE04EC0-301F-11D3-BF4B-00C04F79EFBC}") = "DataTypes", "Start\Overview\DataTypes\DataTypes.csproj", "{F97EEE6E-54F4-77A6-5ACC-A9CD1990B90D}"
EndProject
Project("{FAE04EC0-301F-11D3-BF4B-00C04F79EFBC}") = "GarbageCollect", "Start\Overview\GarbageCollect\GarbageCollect.csproj", "{4BA29BE1-0FBE-7180-F8E1-F3586F3DC40D}"
EndProject
Project("{FAE04EC0-301F-11D3-BF4B-00C04F79EFBC}") = "MyConsoleApp", "Start\Overview\MyConsoleApp\MyConsoleApp.csproj", "{90E5EDB9-7DC5-0008-D7B1-30371402C1DF}"
EndProject
Project("{2150E333-8FDC-42A3-9474-1A3956D46DE8}") = "Regex", "Regex", "{FC562D97-A924-BE8B-504D-D0398D749927}"
EndProject
Project("{FAE04EC0-301F-11D3-BF4B-00C04F79EFBC}") = "Finding", "Start\Regex\Finding\Finding.csproj", "{E7FF5C58-4A32-28A9-C7C9-3FAF47ED1F93}"
EndProject
Project("{FAE04EC0-301F-11D3-BF4B-00C04F79EFBC}") = "Replacing", "Start\Regex\Replacing\Replacing.csproj", "{5F677FC4-250C-0E06-46C6-03A4882EC3E6}"
EndProject
Project("{FAE04EC0-301F-11D3-BF4B-00C04F79EFBC}") = "RegexTimeouts", "Start\Regex\Timeouts\RegexTimeouts.csproj", "{A4346E37-B74E-61FA-F30B-D852E74F8007}"
EndProject
Project("{2150E333-8FDC-42A3-9474-1A3956D46DE8}") = "Strings", "Strings", "{4FCF4C49-E008-93BA-6C5E-BB5EA5D2A8FA}"
EndProject
Project("{FAE04EC0-301F-11D3-BF4B-00C04F79EFBC}") = "Formatting", "Start\Strings\Formatting\Formatting.csproj", "{159EDBD1-4C93-4BCA-57FB-4406D21CA061}"
EndProject
Project("{FAE04EC0-301F-11D3-BF4B-00C04F79EFBC}") = "Interpolation", "Start\Strings\Interpolation\Interpolation.csproj", "{C388A728-6A7F-9317-C8A9-335F4F9CA044}"
EndProject
Project("{FAE04EC0-301F-11D3-BF4B-00C04F79EFBC}") = "Manipulation", "Start\Strings\Manipulation\Manipulation.csproj", "{7010AA87-7A87-9F05-7AEC-6BD71E524A13}"
EndProject
Project("{FAE04EC0-301F-11D3-BF4B-00C04F79EFBC}") = "Searching", "Start\Strings\Searching\Searching.csproj", "{427FDEEF-E9F8-6947-189A-3D8A936F042E}"
EndProject
Global
	GlobalSection(SolutionConfigurationPlatforms) = preSolution
		Debug|Any CPU = Debug|Any CPU
		Release|Any CPU = Release|Any CPU
	EndGlobalSection
	GlobalSection(ProjectConfigurationPlatforms) = postSolution
		{82C75AD0-8E9F-22C2-3F3B-15C74945EF76}.Debug|Any CPU.ActiveCfg = Debug|Any CPU
		{82C75AD0-8E9F-22C2-3F3B-15C74945EF76}.Debug|Any CPU.Build.0 = Debug|Any CPU
		{82C75AD0-8E9F-22C2-3F3B-15C74945EF76}.Release|Any CPU.ActiveCfg = Release|Any CPU
		{82C75AD0-8E9F-22C2-3F3B-15C74945EF76}.Release|Any CPU.Build.0 = Release|Any CPU
		{12C71FD1-A18B-8996-945E-17BFA6004C3F}.Debug|Any CPU.ActiveCfg = Debug|Any CPU
		{12C71FD1-A18B-8996-945E-17BFA6004C3F}.Debug|Any CPU.Build.0 = Debug|Any CPU
		{12C71FD1-A18B-8996-945E-17BFA6004C3F}.Release|Any CPU.ActiveCfg = Release|Any CPU
		{12C71FD1-A18B-8996-945E-17BFA6004C3F}.Release|Any CPU.Build.0 = Release|Any CPU
		{C0CCD0B9-9D16-6056-21E0-65363E9CE986}.Debug|Any CPU.ActiveCfg = Debug|Any CPU
		{C0CCD0B9-9D16-6056-21E0-65363E9CE986}.Debug|Any CPU.Build.0 = Debug|Any CPU
		{C0CCD0B9-9D16-6056-21E0-65363E9CE986}.Release|Any CPU.ActiveCfg = Release|Any CPU
		{C0CCD0B9-9D16-6056-21E0-65363E9CE986}.Release|Any CPU.Build.0 = Release|Any CPU
		{41EEEEEA-B9B9-2691-42CC-4C0D524F283F}.Debug|Any CPU.ActiveCfg = Debug|Any CPU
		{41EEEEEA-B9B9-2691-42CC-4C0D524F283F}.Debug|Any CPU.Build.0 = Debug|Any CPU
		{41EEEEEA-B9B9-2691-42CC-4C0D524F283F}.Release|Any CPU.ActiveCfg = Release|Any CPU
		{41EEEEEA-B9B9-2691-42CC-4C0D524F283F}.Release|Any CPU.Build.0 = Release|Any CPU
		{2F895645-5E8E-8D0B-1BE1-080673FF6E93}.Debug|Any CPU.ActiveCfg = Debug|Any CPU
		{2F895645-5E8E-8D0B-1BE1-080673FF6E93}.Debug|Any CPU.Build.0 = Debug|Any CPU
		{2F895645-5E8E-8D0B-1BE1-080673FF6E93}.Release|Any CPU.ActiveCfg = Release|Any CPU
		{2F895645-5E8E-8D0B-1BE1-080673FF6E93}.Release|Any CPU.Build.0 = Release|Any CPU
		{3D4E789B-3EB9-BA45-1A51-2525CE1E8B1E}.Debug|Any CPU.ActiveCfg = Debug|Any CPU
		{3D4E789B-3EB9-BA45-1A51-2525CE1E8B1E}.Debug|Any CPU.Build.0 = Debug|Any CPU
		{3D4E789B-3EB9-BA45-1A51-2525CE1E8B1E}.Release|Any CPU.ActiveCfg = Release|Any CPU
		{3D4E789B-3EB9-BA45-1A51-2525CE1E8B1E}.Release|Any CPU.Build.0 = Release|Any CPU
		{E56139D0-F500-9366-15DE-63F91D9FCC50}.Debug|Any CPU.ActiveCfg = Debug|Any CPU
		{E56139D0-F500-9366-15DE-63F91D9FCC50}.Debug|Any CPU.Build.0 = Debug|Any CPU
		{E56139D0-F500-9366-15DE-63F91D9FCC50}.Release|Any CPU.ActiveCfg = Release|Any CPU
		{E56139D0-F500-9366-15DE-63F91D9FCC50}.Release|Any CPU.Build.0 = Release|Any CPU
		{0B360EE9-8D23-FC95-7108-8A4ECFD900C6}.Debug|Any CPU.ActiveCfg = Debug|Any CPU
		{0B360EE9-8D23-FC95-7108-8A4ECFD900C6}.Debug|Any CPU.Build.0 = Debug|Any CPU
		{0B360EE9-8D23-FC95-7108-8A4ECFD900C6}.Release|Any CPU.ActiveCfg = Release|Any CPU
		{0B360EE9-8D23-FC95-7108-8A4ECFD900C6}.Release|Any CPU.Build.0 = Release|Any CPU
		{F0E63894-1E50-2394-631E-D878AC381788}.Debug|Any CPU.ActiveCfg = Debug|Any CPU
		{F0E63894-1E50-2394-631E-D878AC381788}.Debug|Any CPU.Build.0 = Debug|Any CPU
		{F0E63894-1E50-2394-631E-D878AC381788}.Release|Any CPU.ActiveCfg = Release|Any CPU
		{F0E63894-1E50-2394-631E-D878AC381788}.Release|Any CPU.Build.0 = Release|Any CPU
		{8C6D547D-E13A-BD60-8075-571AD5A4B2A2}.Debug|Any CPU.ActiveCfg = Debug|Any CPU
		{8C6D547D-E13A-BD60-8075-571AD5A4B2A2}.Debug|Any CPU.Build.0 = Debug|Any CPU
		{8C6D547D-E13A-BD60-8075-571AD5A4B2A2}.Release|Any CPU.ActiveCfg = Release|Any CPU
		{8C6D547D-E13A-BD60-8075-571AD5A4B2A2}.Release|Any CPU.Build.0 = Release|Any CPU
		{BCADF067-6882-8563-27DE-A805EEFCF7EF}.Debug|Any CPU.ActiveCfg = Debug|Any CPU
		{BCADF067-6882-8563-27DE-A805EEFCF7EF}.Debug|Any CPU.Build.0 = Debug|Any CPU
		{BCADF067-6882-8563-27DE-A805EEFCF7EF}.Release|Any CPU.ActiveCfg = Release|Any CPU
		{BCADF067-6882-8563-27DE-A805EEFCF7EF}.Release|Any CPU.Build.0 = Release|Any CPU
		{0FC4F48D-24D7-7256-E8FA-0AD861F35B6D}.Debug|Any CPU.ActiveCfg = Debug|Any CPU
		{0FC4F48D-24D7-7256-E8FA-0AD861F35B6D}.Debug|Any CPU.Build.0 = Debug|Any CPU
		{0FC4F48D-24D7-7256-E8FA-0AD861F35B6D}.Release|Any CPU.ActiveCfg = Release|Any CPU
		{0FC4F48D-24D7-7256-E8FA-0AD861F35B6D}.Release|Any CPU.Build.0 = Release|Any CPU
		{385A1EE5-C487-9177-7B3A-7A1494C0924D}.Debug|Any CPU.ActiveCfg = Debug|Any CPU
		{385A1EE5-C487-9177-7B3A-7A1494C0924D}.Debug|Any CPU.Build.0 = Debug|Any CPU
		{385A1EE5-C487-9177-7B3A-7A1494C0924D}.Release|Any CPU.ActiveCfg = Release|Any CPU
		{385A1EE5-C487-9177-7B3A-7A1494C0924D}.Release|Any CPU.Build.0 = Release|Any CPU
		{4BCB92C6-75DE-9644-352D-44274A75EC11}.Debug|Any CPU.ActiveCfg = Debug|Any CPU
		{4BCB92C6-75DE-9644-352D-44274A75EC11}.Debug|Any CPU.Build.0 = Debug|Any CPU
		{4BCB92C6-75DE-9644-352D-44274A75EC11}.Release|Any CPU.ActiveCfg = Release|Any CPU
		{4BCB92C6-75DE-9644-352D-44274A75EC11}.Release|Any CPU.Build.0 = Release|Any CPU
		{93088A40-BAB2-C134-EE5A-FA35E65C9664}.Debug|Any CPU.ActiveCfg = Debug|Any CPU
		{93088A40-BAB2-C134-EE5A-FA35E65C9664}.Debug|Any CPU.Build.0 = Debug|Any CPU
		{93088A40-BAB2-C134-EE5A-FA35E65C9664}.Release|Any CPU.ActiveCfg = Release|Any CPU
		{93088A40-BAB2-C134-EE5A-FA35E65C9664}.Release|Any CPU.Build.0 = Release|Any CPU
		{A48C47B6-076F-334B-D518-5A9164176434}.Debug|Any CPU.ActiveCfg = Debug|Any CPU
		{A48C47B6-076F-334B-D518-5A9164176434}.Debug|Any CPU.Build.0 = Debug|Any CPU
		{A48C47B6-076F-334B-D518-5A9164176434}.Release|Any CPU.ActiveCfg = Release|Any CPU
		{A48C47B6-076F-334B-D518-5A9164176434}.Release|Any CPU.Build.0 = Release|Any CPU
		{533E2C32-2C80-7349-9A0E-190D85691E5F}.Debug|Any CPU.ActiveCfg = Debug|Any CPU
		{533E2C32-2C80-7349-9A0E-190D85691E5F}.Debug|Any CPU.Build.0 = Debug|Any CPU
		{533E2C32-2C80-7349-9A0E-190D85691E5F}.Release|Any CPU.ActiveCfg = Release|Any CPU
		{533E2C32-2C80-7349-9A0E-190D85691E5F}.Release|Any CPU.Build.0 = Release|Any CPU
		{905B498B-65A0-FF94-F32A-A0248BEF8B5E}.Debug|Any CPU.ActiveCfg = Debug|Any CPU
		{905B498B-65A0-FF94-F32A-A0248BEF8B5E}.Debug|Any CPU.Build.0 = Debug|Any CPU
		{905B498B-65A0-FF94-F32A-A0248BEF8B5E}.Release|Any CPU.ActiveCfg = Release|Any CPU
		{905B498B-65A0-FF94-F32A-A0248BEF8B5E}.Release|Any CPU.Build.0 = Release|Any CPU
		{C8E67FA0-CFBA-4FF9-910C-8BBC1CBF905E}.Debug|Any CPU.ActiveCfg = Debug|Any CPU
		{C8E67FA0-CFBA-4FF9-910C-8BBC1CBF905E}.Debug|Any CPU.Build.0 = Debug|Any CPU
		{C8E67FA0-CFBA-4FF9-910C-8BBC1CBF905E}.Release|Any CPU.ActiveCfg = Release|Any CPU
		{C8E67FA0-CFBA-4FF9-910C-8BBC1CBF905E}.Release|Any CPU.Build.0 = Release|Any CPU
		{EE3C4FF0-82BE-1F41-2C6F-2DA35958F010}.Debug|Any CPU.ActiveCfg = Debug|Any CPU
		{EE3C4FF0-82BE-1F41-2C6F-2DA35958F010}.Debug|Any CPU.Build.0 = Debug|Any CPU
		{EE3C4FF0-82BE-1F41-2C6F-2DA35958F010}.Release|Any CPU.ActiveCfg = Release|Any CPU
		{EE3C4FF0-82BE-1F41-2C6F-2DA35958F010}.Release|Any CPU.Build.0 = Release|Any CPU
		{1984CF91-8495-C48F-0547-1E41FB6E58F3}.Debug|Any CPU.ActiveCfg = Debug|Any CPU
		{1984CF91-8495-C48F-0547-1E41FB6E58F3}.Debug|Any CPU.Build.0 = Debug|Any CPU
		{1984CF91-8495-C48F-0547-1E41FB6E58F3}.Release|Any CPU.ActiveCfg = Release|Any CPU
		{1984CF91-8495-C48F-0547-1E41FB6E58F3}.Release|Any CPU.Build.0 = Release|Any CPU
		{F17D9DF5-0201-DAAB-FCBE-5BBF8502CB5B}.Debug|Any CPU.ActiveCfg = Debug|Any CPU
		{F17D9DF5-0201-DAAB-FCBE-5BBF8502CB5B}.Debug|Any CPU.Build.0 = Debug|Any CPU
		{F17D9DF5-0201-DAAB-FCBE-5BBF8502CB5B}.Release|Any CPU.ActiveCfg = Release|Any CPU
		{F17D9DF5-0201-DAAB-FCBE-5BBF8502CB5B}.Release|Any CPU.Build.0 = Release|Any CPU
		{FCDBB75F-F1EC-1087-2938-091BB824D960}.Debug|Any CPU.ActiveCfg = Debug|Any CPU
		{FCDBB75F-F1EC-1087-2938-091BB824D960}.Debug|Any CPU.Build.0 = Debug|Any CPU
		{FCDBB75F-F1EC-1087-2938-091BB824D960}.Release|Any CPU.ActiveCfg = Release|Any CPU
		{FCDBB75F-F1EC-1087-2938-091BB824D960}.Release|Any CPU.Build.0 = Release|Any CPU
		{8E3252E3-23CA-2044-5A95-DC2566D5C35B}.Debug|Any CPU.ActiveCfg = Debug|Any CPU
		{8E3252E3-23CA-2044-5A95-DC2566D5C35B}.Debug|Any CPU.Build.0 = Debug|Any CPU
		{8E3252E3-23CA-2044-5A95-DC2566D5C35B}.Release|Any CPU.ActiveCfg = Release|Any CPU
		{8E3252E3-23CA-2044-5A95-DC2566D5C35B}.Release|Any CPU.Build.0 = Release|Any CPU
		{5A999ACE-C7DA-3D99-E371-FB0F1D6E8F70}.Debug|Any CPU.ActiveCfg = Debug|Any CPU
		{5A999ACE-C7DA-3D99-E371-FB0F1D6E8F70}.Debug|Any CPU.Build.0 = Debug|Any CPU
		{5A999ACE-C7DA-3D99-E371-FB0F1D6E8F70}.Release|Any CPU.ActiveCfg = Release|Any CPU
		{5A999ACE-C7DA-3D99-E371-FB0F1D6E8F70}.Release|Any CPU.Build.0 = Release|Any CPU
		{E94C3752-427A-D727-6C9C-623550FBEF6E}.Debug|Any CPU.ActiveCfg = Debug|Any CPU
		{E94C3752-427A-D727-6C9C-623550FBEF6E}.Debug|Any CPU.Build.0 = Debug|Any CPU
		{E94C3752-427A-D727-6C9C-623550FBEF6E}.Release|Any CPU.ActiveCfg = Release|Any CPU
		{E94C3752-427A-D727-6C9C-623550FBEF6E}.Release|Any CPU.Build.0 = Release|Any CPU
		{9EE7C28C-3799-95FD-DBC7-6BC65E079144}.Debug|Any CPU.ActiveCfg = Debug|Any CPU
		{9EE7C28C-3799-95FD-DBC7-6BC65E079144}.Debug|Any CPU.Build.0 = Debug|Any CPU
		{9EE7C28C-3799-95FD-DBC7-6BC65E079144}.Release|Any CPU.ActiveCfg = Release|Any CPU
		{9EE7C28C-3799-95FD-DBC7-6BC65E079144}.Release|Any CPU.Build.0 = Release|Any CPU
		{AF93BC1F-5DFF-3165-6509-49CCBB4B6771}.Debug|Any CPU.ActiveCfg = Debug|Any CPU
		{AF93BC1F-5DFF-3165-6509-49CCBB4B6771}.Debug|Any CPU.Build.0 = Debug|Any CPU
		{AF93BC1F-5DFF-3165-6509-49CCBB4B6771}.Release|Any CPU.ActiveCfg = Release|Any CPU
		{AF93BC1F-5DFF-3165-6509-49CCBB4B6771}.Release|Any CPU.Build.0 = Release|Any CPU
		{C9DF1462-108F-F1A5-A02E-D29FBDA4DB23}.Debug|Any CPU.ActiveCfg = Debug|Any CPU
		{C9DF1462-108F-F1A5-A02E-D29FBDA4DB23}.Debug|Any CPU.Build.0 = Debug|Any CPU
		{C9DF1462-108F-F1A5-A02E-D29FBDA4DB23}.Release|Any CPU.ActiveCfg = Release|Any CPU
		{C9DF1462-108F-F1A5-A02E-D29FBDA4DB23}.Release|Any CPU.Build.0 = Release|Any CPU
		{F4F26133-6379-374A-E4BC-1C8A91E11BB0}.Debug|Any CPU.ActiveCfg = Debug|Any CPU
		{F4F26133-6379-374A-E4BC-1C8A91E11BB0}.Debug|Any CPU.Build.0 = Debug|Any CPU
		{F4F26133-6379-374A-E4BC-1C8A91E11BB0}.Release|Any CPU.ActiveCfg = Release|Any CPU
		{F4F26133-6379-374A-E4BC-1C8A91E11BB0}.Release|Any CPU.Build.0 = Release|Any CPU
		{46CDB435-38AB-F82E-C5B3-61D9C5EAB56F}.Debug|Any CPU.ActiveCfg = Debug|Any CPU
		{46CDB435-38AB-F82E-C5B3-61D9C5EAB56F}.Debug|Any CPU.Build.0 = Debug|Any CPU
		{46CDB435-38AB-F82E-C5B3-61D9C5EAB56F}.Release|Any CPU.ActiveCfg = Release|Any CPU
		{46CDB435-38AB-F82E-C5B3-61D9C5EAB56F}.Release|Any CPU.Build.0 = Release|Any CPU
		{F97EEE6E-54F4-77A6-5ACC-A9CD1990B90D}.Debug|Any CPU.ActiveCfg = Debug|Any CPU
		{F97EEE6E-54F4-77A6-5ACC-A9CD1990B90D}.Debug|Any CPU.Build.0 = Debug|Any CPU
		{F97EEE6E-54F4-77A6-5ACC-A9CD1990B90D}.Release|Any CPU.ActiveCfg = Release|Any CPU
		{F97EEE6E-54F4-77A6-5ACC-A9CD1990B90D}.Release|Any CPU.Build.0 = Release|Any CPU
		{4BA29BE1-0FBE-7180-F8E1-F3586F3DC40D}.Debug|Any CPU.ActiveCfg = Debug|Any CPU
		{4BA29BE1-0FBE-7180-F8E1-F3586F3DC40D}.Debug|Any CPU.Build.0 = Debug|Any CPU
		{4BA29BE1-0FBE-7180-F8E1-F3586F3DC40D}.Release|Any CPU.ActiveCfg = Release|Any CPU
		{4BA29BE1-0FBE-7180-F8E1-F3586F3DC40D}.Release|Any CPU.Build.0 = Release|Any CPU
		{90E5EDB9-7DC5-0008-D7B1-30371402C1DF}.Debug|Any CPU.ActiveCfg = Debug|Any CPU
		{90E5EDB9-7DC5-0008-D7B1-30371402C1DF}.Debug|Any CPU.Build.0 = Debug|Any CPU
		{90E5EDB9-7DC5-0008-D7B1-30371402C1DF}.Release|Any CPU.ActiveCfg = Release|Any CPU
		{90E5EDB9-7DC5-0008-D7B1-30371402C1DF}.Release|Any CPU.Build.0 = Release|Any CPU
		{E7FF5C58-4A32-28A9-C7C9-3FAF47ED1F93}.Debug|Any CPU.ActiveCfg = Debug|Any CPU
		{E7FF5C58-4A32-28A9-C7C9-3FAF47ED1F93}.Debug|Any CPU.Build.0 = Debug|Any CPU
		{E7FF5C58-4A32-28A9-C7C9-3FAF47ED1F93}.Release|Any CPU.ActiveCfg = Release|Any CPU
		{E7FF5C58-4A32-28A9-C7C9-3FAF47ED1F93}.Release|Any CPU.Build.0 = Release|Any CPU
		{5F677FC4-250C-0E06-46C6-03A4882EC3E6}.Debug|Any CPU.ActiveCfg = Debug|Any CPU
		{5F677FC4-250C-0E06-46C6-03A4882EC3E6}.Debug|Any CPU.Build.0 = Debug|Any CPU
		{5F677FC4-250C-0E06-46C6-03A4882EC3E6}.Release|Any CPU.ActiveCfg = Release|Any CPU
		{5F677FC4-250C-0E06-46C6-03A4882EC3E6}.Release|Any CPU.Build.0 = Release|Any CPU
		{A4346E37-B74E-61FA-F30B-D852E74F8007}.Debug|Any CPU.ActiveCfg = Debug|Any CPU
		{A4346E37-B74E-61FA-F30B-D852E74F8007}.Debug|Any CPU.Build.0 = Debug|Any CPU
		{A4346E37-B74E-61FA-F30B-D852E74F8007}.Release|Any CPU.ActiveCfg = Release|Any CPU
		{A4346E37-B74E-61FA-F30B-D852E74F8007}.Release|Any CPU.Build.0 = Release|Any CPU
		{159EDBD1-4C93-4BCA-57FB-4406D21CA061}.Debug|Any CPU.ActiveCfg = Debug|Any CPU
		{159EDBD1-4C93-4BCA-57FB-4406D21CA061}.Debug|Any CPU.Build.0 = Debug|Any CPU
		{159EDBD1-4C93-4BCA-57FB-4406D21CA061}.Release|Any CPU.ActiveCfg = Release|Any CPU
		{159EDBD1-4C93-4BCA-57FB-4406D21CA061}.Release|Any CPU.Build.0 = Release|Any CPU
		{C388A728-6A7F-9317-C8A9-335F4F9CA044}.Debug|Any CPU.ActiveCfg = Debug|Any CPU
		{C388A728-6A7F-9317-C8A9-335F4F9CA044}.Debug|Any CPU.Build.0 = Debug|Any CPU
		{C388A728-6A7F-9317-C8A9-335F4F9CA044}.Release|Any CPU.ActiveCfg = Release|Any CPU
		{C388A728-6A7F-9317-C8A9-335F4F9CA044}.Release|Any CPU.Build.0 = Release|Any CPU
		{7010AA87-7A87-9F05-7AEC-6BD71E524A13}.Debug|Any CPU.ActiveCfg = Debug|Any CPU
		{7010AA87-7A87-9F05-7AEC-6BD71E524A13}.Debug|Any CPU.Build.0 = Debug|Any CPU
		{7010AA87-7A87-9F05-7AEC-6BD71E524A13}.Release|Any CPU.ActiveCfg = Release|Any CPU
		{7010AA87-7A87-9F05-7AEC-6BD71E524A13}.Release|Any CPU.Build.0 = Release|Any CPU
		{427FDEEF-E9F8-6947-189A-3D8A936F042E}.Debug|Any CPU.ActiveCfg = Debug|Any CPU
		{427FDEEF-E9F8-6947-189A-3D8A936F042E}.Debug|Any CPU.Build.0 = Debug|Any CPU
		{427FDEEF-E9F8-6947-189A-3D8A936F042E}.Release|Any CPU.ActiveCfg = Release|Any CPU
		{427FDEEF-E9F8-6947-189A-3D8A936F042E}.Release|Any CPU.Build.0 = Release|Any CPU
	EndGlobalSection
	GlobalSection(SolutionProperties) = preSolution
		HideSolutionNode = FALSE
	EndGlobalSection
	GlobalSection(NestedProjects) = preSolution
		{485FDD86-58C8-626B-D564-1777BBCD1912} = {B8031A34-B0AE-8DE2-16B1-DD24E562D97B}
		{82C75AD0-8E9F-22C2-3F3B-15C74945EF76} = {485FDD86-58C8-626B-D564-1777BBCD1912}
		{12C71FD1-A18B-8996-945E-17BFA6004C3F} = {485FDD86-58C8-626B-D564-1777BBCD1912}
		{C0CCD0B9-9D16-6056-21E0-65363E9CE986} = {485FDD86-58C8-626B-D564-1777BBCD1912}
		{41EEEEEA-B9B9-2691-42CC-4C0D524F283F} = {485FDD86-58C8-626B-D564-1777BBCD1912}
		{2F895645-5E8E-8D0B-1BE1-080673FF6E93} = {485FDD86-58C8-626B-D564-1777BBCD1912}
		{93703E04-42A0-9B8C-C395-01AC6977BC56} = {B8031A34-B0AE-8DE2-16B1-DD24E562D97B}
		{3D4E789B-3EB9-BA45-1A51-2525CE1E8B1E} = {93703E04-42A0-9B8C-C395-01AC6977BC56}
		{E56139D0-F500-9366-15DE-63F91D9FCC50} = {93703E04-42A0-9B8C-C395-01AC6977BC56}
		{0B360EE9-8D23-FC95-7108-8A4ECFD900C6} = {93703E04-42A0-9B8C-C395-01AC6977BC56}
		{F0E63894-1E50-2394-631E-D878AC381788} = {93703E04-42A0-9B8C-C395-01AC6977BC56}
		{8C6D547D-E13A-BD60-8075-571AD5A4B2A2} = {93703E04-42A0-9B8C-C395-01AC6977BC56}
		{BCADF067-6882-8563-27DE-A805EEFCF7EF} = {93703E04-42A0-9B8C-C395-01AC6977BC56}
		{74B04D3F-27BD-C251-1C92-4C095C6E30DC} = {B8031A34-B0AE-8DE2-16B1-DD24E562D97B}
		{0FC4F48D-24D7-7256-E8FA-0AD861F35B6D} = {74B04D3F-27BD-C251-1C92-4C095C6E30DC}
		{385A1EE5-C487-9177-7B3A-7A1494C0924D} = {74B04D3F-27BD-C251-1C92-4C095C6E30DC}
		{4BCB92C6-75DE-9644-352D-44274A75EC11} = {74B04D3F-27BD-C251-1C92-4C095C6E30DC}
		{3EA4CA3A-B96C-0EB0-BC5D-975557DA85A0} = {B8031A34-B0AE-8DE2-16B1-DD24E562D97B}
		{93088A40-BAB2-C134-EE5A-FA35E65C9664} = {3EA4CA3A-B96C-0EB0-BC5D-975557DA85A0}
		{A48C47B6-076F-334B-D518-5A9164176434} = {3EA4CA3A-B96C-0EB0-BC5D-975557DA85A0}
		{533E2C32-2C80-7349-9A0E-190D85691E5F} = {3EA4CA3A-B96C-0EB0-BC5D-975557DA85A0}
		{905B498B-65A0-FF94-F32A-A0248BEF8B5E} = {3EA4CA3A-B96C-0EB0-BC5D-975557DA85A0}
		{2900E32E-50B6-EB50-67F4-4BA35538B39F} = {B8031A34-B0AE-8DE2-16B1-DD24E562D97B}
		{C8E67FA0-CFBA-4FF9-910C-8BBC1CBF905E} = {2900E32E-50B6-EB50-67F4-4BA35538B39F}
		{EE3C4FF0-82BE-1F41-2C6F-2DA35958F010} = {2900E32E-50B6-EB50-67F4-4BA35538B39F}
		{1984CF91-8495-C48F-0547-1E41FB6E58F3} = {2900E32E-50B6-EB50-67F4-4BA35538B39F}
		{F17D9DF5-0201-DAAB-FCBE-5BBF8502CB5B} = {2900E32E-50B6-EB50-67F4-4BA35538B39F}
		{BE326F1B-93AC-3FF8-F3D9-8CBFCA799BB0} = {0DDFEE7A-7BCD-3041-7B42-1A6119DEFF0B}
		{FCDBB75F-F1EC-1087-2938-091BB824D960} = {BE326F1B-93AC-3FF8-F3D9-8CBFCA799BB0}
		{8E3252E3-23CA-2044-5A95-DC2566D5C35B} = {BE326F1B-93AC-3FF8-F3D9-8CBFCA799BB0}
		{5A999ACE-C7DA-3D99-E371-FB0F1D6E8F70} = {BE326F1B-93AC-3FF8-F3D9-8CBFCA799BB0}
		{E94C3752-427A-D727-6C9C-623550FBEF6E} = {BE326F1B-93AC-3FF8-F3D9-8CBFCA799BB0}
		{801D78D6-E392-2C4C-5988-6EF2DBC80335} = {0DDFEE7A-7BCD-3041-7B42-1A6119DEFF0B}
		{9EE7C28C-3799-95FD-DBC7-6BC65E079144} = {801D78D6-E392-2C4C-5988-6EF2DBC80335}
		{AF93BC1F-5DFF-3165-6509-49CCBB4B6771} = {801D78D6-E392-2C4C-5988-6EF2DBC80335}
		{C9DF1462-108F-F1A5-A02E-D29FBDA4DB23} = {801D78D6-E392-2C4C-5988-6EF2DBC80335}
		{F4F26133-6379-374A-E4BC-1C8A91E11BB0} = {801D78D6-E392-2C4C-5988-6EF2DBC80335}
		{46CDB435-38AB-F82E-C5B3-61D9C5EAB56F} = {801D78D6-E392-2C4C-5988-6EF2DBC80335}
		{BA45FF27-446C-0A3A-3AE8-485EA8E02CF7} = {0DDFEE7A-7BCD-3041-7B42-1A6119DEFF0B}
		{F97EEE6E-54F4-77A6-5ACC-A9CD1990B90D} = {BA45FF27-446C-0A3A-3AE8-485EA8E02CF7}
		{4BA29BE1-0FBE-7180-F8E1-F3586F3DC40D} = {BA45FF27-446C-0A3A-3AE8-485EA8E02CF7}
		{90E5EDB9-7DC5-0008-D7B1-30371402C1DF} = {BA45FF27-446C-0A3A-3AE8-485EA8E02CF7}
		{FC562D97-A924-BE8B-504D-D0398D749927} = {0DDFEE7A-7BCD-3041-7B42-1A6119DEFF0B}
		{E7FF5C58-4A32-28A9-C7C9-3FAF47ED1F93} = {FC562D97-A924-BE8B-504D-D0398D749927}
		{5F677FC4-250C-0E06-46C6-03A4882EC3E6} = {FC562D97-A924-BE8B-504D-D0398D749927}
		{A4346E37-B74E-61FA-F30B-D852E74F8007} = {FC562D97-A924-BE8B-504D-D0398D749927}
		{4FCF4C49-E008-93BA-6C5E-BB5EA5D2A8FA} = {0DDFEE7A-7BCD-3041-7B42-1A6119DEFF0B}
		{159EDBD1-4C93-4BCA-57FB-4406D21CA061} = {4FCF4C49-E008-93BA-6C5E-BB5EA5D2A8FA}
		{C388A728-6A7F-9317-C8A9-335F4F9CA044} = {4FCF4C49-E008-93BA-6C5E-BB5EA5D2A8FA}
		{7010AA87-7A87-9F05-7AEC-6BD71E524A13} = {4FCF4C49-E008-93BA-6C5E-BB5EA5D2A8FA}
		{427FDEEF-E9F8-6947-189A-3D8A936F042E} = {4FCF4C49-E008-93BA-6C5E-BB5EA5D2A8FA}
	EndGlobalSection
	GlobalSection(ExtensibilityGlobals) = postSolution
		SolutionGuid = {D739D71C-2E08-4D0B-B0D7-5D2B5EEC757F}
	EndGlobalSection
EndGlobal
